
Microsoft Visual Studio Solution File, Format Version 12.00
Project("{FAE04EC0-301F-11D3-BF4B-00C04F79EFBC}") = "Warehouse.API", "Warehouse.API\Warehouse.API.csproj", "{C9D9C2A2-420F-4454-87A9-5B48C099EEBB}"
EndProject
Project("{FAE04EC0-301F-11D3-BF4B-00C04F79EFBC}") = "Warehouse.Domain", "Warehouse.Domain\Warehouse.Domain.csproj", "{76119AAA-4577-4E97-A6F8-AD323B7A9C15}"
EndProject
Project("{FAE04EC0-301F-11D3-BF4B-00C04F79EFBC}") = "Warehouse.DAL", "Warehouse.DAL\Warehouse.DAL.csproj", "{9F3CE683-29B3-4B56-AAAC-DF8E3EDF95DE}"
EndProject
Project("{FAE04EC0-301F-11D3-BF4B-00C04F79EFBC}") = "Warehouse.Shared", "Warehouse.Shared\Warehouse.Shared.csproj", "{6226E779-15F1-4876-A78C-5306FE87ADD1}"
EndProject
Project("{FAE04EC0-301F-11D3-BF4B-00C04F79EFBC}") = "Warehouse.Client", "Warehouse.Client\Warehouse.Client.csproj", "{C13D0340-0CAA-4037-BBCD-23BC9EAA73C7}"
EndProject
Global
	GlobalSection(SolutionConfigurationPlatforms) = preSolution
		Debug|Any CPU = Debug|Any CPU
		Release|Any CPU = Release|Any CPU
	EndGlobalSection
	GlobalSection(ProjectConfigurationPlatforms) = postSolution
		{C9D9C2A2-420F-4454-87A9-5B48C099EEBB}.Debug|Any CPU.ActiveCfg = Debug|Any CPU
		{C9D9C2A2-420F-4454-87A9-5B48C099EEBB}.Debug|Any CPU.Build.0 = Debug|Any CPU
		{C9D9C2A2-420F-4454-87A9-5B48C099EEBB}.Release|Any CPU.ActiveCfg = Release|Any CPU
		{C9D9C2A2-420F-4454-87A9-5B48C099EEBB}.Release|Any CPU.Build.0 = Release|Any CPU
		{76119AAA-4577-4E97-A6F8-AD323B7A9C15}.Debug|Any CPU.ActiveCfg = Debug|Any CPU
		{76119AAA-4577-4E97-A6F8-AD323B7A9C15}.Debug|Any CPU.Build.0 = Debug|Any CPU
		{76119AAA-4577-4E97-A6F8-AD323B7A9C15}.Release|Any CPU.ActiveCfg = Release|Any CPU
		{76119AAA-4577-4E97-A6F8-AD323B7A9C15}.Release|Any CPU.Build.0 = Release|Any CPU
		{9F3CE683-29B3-4B56-AAAC-DF8E3EDF95DE}.Debug|Any CPU.ActiveCfg = Debug|Any CPU
		{9F3CE683-29B3-4B56-AAAC-DF8E3EDF95DE}.Debug|Any CPU.Build.0 = Debug|Any CPU
		{9F3CE683-29B3-4B56-AAAC-DF8E3EDF95DE}.Release|Any CPU.ActiveCfg = Release|Any CPU
		{9F3CE683-29B3-4B56-AAAC-DF8E3EDF95DE}.Release|Any CPU.Build.0 = Release|Any CPU
		{6226E779-15F1-4876-A78C-5306FE87ADD1}.Debug|Any CPU.ActiveCfg = Debug|Any CPU
		{6226E779-15F1-4876-A78C-5306FE87ADD1}.Debug|Any CPU.Build.0 = Debug|Any CPU
		{6226E779-15F1-4876-A78C-5306FE87ADD1}.Release|Any CPU.ActiveCfg = Release|Any CPU
		{6226E779-15F1-4876-A78C-5306FE87ADD1}.Release|Any CPU.Build.0 = Release|Any CPU
		{C13D0340-0CAA-4037-BBCD-23BC9EAA73C7}.Debug|Any CPU.ActiveCfg = Debug|Any CPU
		{C13D0340-0CAA-4037-BBCD-23BC9EAA73C7}.Debug|Any CPU.Build.0 = Debug|Any CPU
		{C13D0340-0CAA-4037-BBCD-23BC9EAA73C7}.Release|Any CPU.ActiveCfg = Release|Any CPU
		{C13D0340-0CAA-4037-BBCD-23BC9EAA73C7}.Release|Any CPU.Build.0 = Release|Any CPU
	EndGlobalSection
EndGlobal
